// !$*UTF8*$!
{
	archiveVersion = 1;
	classes = {
	};
	objectVersion = 56;
	objects = {

/* Begin PBXBuildFile section */
		650CD6602AB03BA800502061 /* AccessControlVariation.swift in Sources */ = {isa = PBXBuildFile; fileRef = 650CD65F2AB03BA800502061 /* AccessControlVariation.swift */; };
		650D82692B8271F700A00BC1 /* GestureTrain.swift in Sources */ = {isa = PBXBuildFile; fileRef = 650D82682B8271F700A00BC1 /* GestureTrain.swift */; };
		650F65212AF2922600F69440 /* EnumConstructor.swift in Sources */ = {isa = PBXBuildFile; fileRef = 650F65202AF2922600F69440 /* EnumConstructor.swift */; };
		65184B582AC9A68D00FB20C1 /* DarkModeAnimation.swift in Sources */ = {isa = PBXBuildFile; fileRef = 65184B572AC9A68D00FB20C1 /* DarkModeAnimation.swift */; };
		6519710C2B65966200486BBB /* DuolingoDragAndDrop.swift in Sources */ = {isa = PBXBuildFile; fileRef = 6519710B2B65966200486BBB /* DuolingoDragAndDrop.swift */; };
		65197ADF2AC1CE6A00DA683C /* ConfigDemo.swift in Sources */ = {isa = PBXBuildFile; fileRef = 65197ADE2AC1CE6A00DA683C /* ConfigDemo.swift */; };
		65197AE12AC30FD200DA683C /* ScrollTransition.swift in Sources */ = {isa = PBXBuildFile; fileRef = 65197AE02AC30FD200DA683C /* ScrollTransition.swift */; };
		6519F30E2AC824D0005B41FF /* SearchController.swift in Sources */ = {isa = PBXBuildFile; fileRef = 6519F30D2AC824D0005B41FF /* SearchController.swift */; };
		651DFE1C2ABC77FB00E18BBC /* GlassMorphism.swift in Sources */ = {isa = PBXBuildFile; fileRef = 651DFE1B2ABC77FB00E18BBC /* GlassMorphism.swift */; };
		6527A34F2B21EE840050FBEC /* Upd_17_GradationAnimation.swift in Sources */ = {isa = PBXBuildFile; fileRef = 6527A34E2B21EE840050FBEC /* Upd_17_GradationAnimation.swift */; };
		652CCB5D2ACC4186001720B8 /* IfAsAnExpression.swift in Sources */ = {isa = PBXBuildFile; fileRef = 652CCB5C2ACC4186001720B8 /* IfAsAnExpression.swift */; };
		6536B3662AFD26AF00C63C9E /* _BasicAnimos.swift in Sources */ = {isa = PBXBuildFile; fileRef = 6536B3652AFD26AF00C63C9E /* _BasicAnimos.swift */; };
		6542F26C2AB731E30071EC01 /* keyPathExpression.swift in Sources */ = {isa = PBXBuildFile; fileRef = 6542F26B2AB731E30071EC01 /* keyPathExpression.swift */; };
		6542F2702AB78B800071EC01 /* TagTextFieldSwiftUI.swift in Sources */ = {isa = PBXBuildFile; fileRef = 6542F26F2AB78B800071EC01 /* TagTextFieldSwiftUI.swift */; };
		6542F2752AB799490071EC01 /* Tag.swift in Sources */ = {isa = PBXBuildFile; fileRef = 6542F2742AB799480071EC01 /* Tag.swift */; };
		6542F2772AB79A3A0071EC01 /* Home.swift in Sources */ = {isa = PBXBuildFile; fileRef = 6542F2762AB79A3A0071EC01 /* Home.swift */; };
		6542F2792AB79AEF0071EC01 /* TagField.swift in Sources */ = {isa = PBXBuildFile; fileRef = 6542F2782AB79AEF0071EC01 /* TagField.swift */; };
		6542F27D2AB88A570071EC01 /* TagLayout.swift in Sources */ = {isa = PBXBuildFile; fileRef = 6542F27C2AB88A570071EC01 /* TagLayout.swift */; };
		65448C572AE7F57300419185 /* UIOnboarding in Frameworks */ = {isa = PBXBuildFile; productRef = 65448C562AE7F57300419185 /* UIOnboarding */; };
		65448C592AE7F59E00419185 /* UIOnboarding.swift in Sources */ = {isa = PBXBuildFile; fileRef = 65448C582AE7F59E00419185 /* UIOnboarding.swift */; };
		6546BDC82ACDB02F00218624 /* LayoutProtocol.swift in Sources */ = {isa = PBXBuildFile; fileRef = 6546BDC72ACDB02F00218624 /* LayoutProtocol.swift */; };
		654787F82BCD161F00209B68 /* FacebookShare in Frameworks */ = {isa = PBXBuildFile; productRef = 654787F72BCD161F00209B68 /* FacebookShare */; };
		654E95192B1626F70085A927 /* ShimmerStepPairsCardStepViewController+Extension.swift in Sources */ = {isa = PBXBuildFile; fileRef = 654E95182B1626F70085A927 /* ShimmerStepPairsCardStepViewController+Extension.swift */; };
		6555AB1D2B1CB2CE0098E5F7 /* TextShimmer_SwiftUI.swift in Sources */ = {isa = PBXBuildFile; fileRef = 6555AB1C2B1CB2CE0098E5F7 /* TextShimmer_SwiftUI.swift */; };
		655AF4082B6F775D0028662C /* HomeVC.swift in Sources */ = {isa = PBXBuildFile; fileRef = 655AF4072B6F775D0028662C /* HomeVC.swift */; };
		655AF40B2B6F78220028662C /* TabBarVC.swift in Sources */ = {isa = PBXBuildFile; fileRef = 655AF40A2B6F78220028662C /* TabBarVC.swift */; };
		655AF40D2B6F78EE0028662C /* SearchVC.swift in Sources */ = {isa = PBXBuildFile; fileRef = 655AF40C2B6F78EE0028662C /* SearchVC.swift */; };
		655AF40F2B6F79700028662C /* LibraryVC.swift in Sources */ = {isa = PBXBuildFile; fileRef = 655AF40E2B6F79700028662C /* LibraryVC.swift */; };
		655AF4142B6F7A5A0028662C /* AuthVC.swift in Sources */ = {isa = PBXBuildFile; fileRef = 655AF4132B6F7A5A0028662C /* AuthVC.swift */; };
		655AF4162B6F7A740028662C /* WelcomeVC.swift in Sources */ = {isa = PBXBuildFile; fileRef = 655AF4152B6F7A740028662C /* WelcomeVC.swift */; };
		655AF4182B6F7A940028662C /* SettingsVC.swift in Sources */ = {isa = PBXBuildFile; fileRef = 655AF4172B6F7A940028662C /* SettingsVC.swift */; };
		655AF41A2B6F7AA10028662C /* ProfileVC.swift in Sources */ = {isa = PBXBuildFile; fileRef = 655AF4192B6F7AA10028662C /* ProfileVC.swift */; };
		655AF41C2B6F7AB00028662C /* PlayerVC.swift in Sources */ = {isa = PBXBuildFile; fileRef = 655AF41B2B6F7AB00028662C /* PlayerVC.swift */; };
		655AF41E2B6F7AC00028662C /* PlaylistVC.swift in Sources */ = {isa = PBXBuildFile; fileRef = 655AF41D2B6F7AC00028662C /* PlaylistVC.swift */; };
		655AF4202B6F7AD40028662C /* SearchResultsVC.swift in Sources */ = {isa = PBXBuildFile; fileRef = 655AF41F2B6F7AD40028662C /* SearchResultsVC.swift */; };
		655AF4222B6F7E9B0028662C /* AuthM.swift in Sources */ = {isa = PBXBuildFile; fileRef = 655AF4212B6F7E9B0028662C /* AuthM.swift */; };
		655AF4242B6F7EAC0028662C /* APICaller.swift in Sources */ = {isa = PBXBuildFile; fileRef = 655AF4232B6F7EAC0028662C /* APICaller.swift */; };
		655AF4262B6F7EB70028662C /* HapticsM.swift in Sources */ = {isa = PBXBuildFile; fileRef = 655AF4252B6F7EB70028662C /* HapticsM.swift */; };
		655AF4282B6F7F120028662C /* Playlist.swift in Sources */ = {isa = PBXBuildFile; fileRef = 655AF4272B6F7F120028662C /* Playlist.swift */; };
		655AF42A2B6F7F300028662C /* AudioTrack.swift in Sources */ = {isa = PBXBuildFile; fileRef = 655AF4292B6F7F300028662C /* AudioTrack.swift */; };
		655AF42C2B6F7F3C0028662C /* Artist.swift in Sources */ = {isa = PBXBuildFile; fileRef = 655AF42B2B6F7F3C0028662C /* Artist.swift */; };
		655AF42E2B6F7F440028662C /* UserProfile.swift in Sources */ = {isa = PBXBuildFile; fileRef = 655AF42D2B6F7F440028662C /* UserProfile.swift */; };
		656439B32AFFCB2500447715 /* Logging.swift in Sources */ = {isa = PBXBuildFile; fileRef = 656439B22AFFCB2500447715 /* Logging.swift */; };
		656B666F2AACA6B0007F1A7D /* AppDelegate.swift in Sources */ = {isa = PBXBuildFile; fileRef = 656B666E2AACA6B0007F1A7D /* AppDelegate.swift */; };
		656B66712AACA6B0007F1A7D /* SceneDelegate.swift in Sources */ = {isa = PBXBuildFile; fileRef = 656B66702AACA6B0007F1A7D /* SceneDelegate.swift */; };
		656B66732AACA6B0007F1A7D /* MainTabBarViewController.swift in Sources */ = {isa = PBXBuildFile; fileRef = 656B66722AACA6B0007F1A7D /* MainTabBarViewController.swift */; };
		656B66782AACA6B0007F1A7D /* Assets.xcassets in Resources */ = {isa = PBXBuildFile; fileRef = 656B66772AACA6B0007F1A7D /* Assets.xcassets */; };
		656B667B2AACA6B0007F1A7D /* LaunchScreen.storyboard in Resources */ = {isa = PBXBuildFile; fileRef = 656B66792AACA6B0007F1A7D /* LaunchScreen.storyboard */; };
		656B66842AACA6F3007F1A7D /* MondrianOfMondrian.swift in Sources */ = {isa = PBXBuildFile; fileRef = 656B66832AACA6F3007F1A7D /* MondrianOfMondrian.swift */; };
		656B66872AACA841007F1A7D /* Extension.swift in Sources */ = {isa = PBXBuildFile; fileRef = 656B66862AACA841007F1A7D /* Extension.swift */; };
		657105802B064FD7001A764B /* _CoreAnimo.swift in Sources */ = {isa = PBXBuildFile; fileRef = 6571057F2B064FD7001A764B /* _CoreAnimo.swift */; };
		6579D7C92AC07C83001CEE44 /* ToggleContentTransition.swift in Sources */ = {isa = PBXBuildFile; fileRef = 6579D7C82AC07C83001CEE44 /* ToggleContentTransition.swift */; };
		657D1AC52B108AC300C985C2 /* _Protocol_Train.swift in Sources */ = {isa = PBXBuildFile; fileRef = 657D1AC42B108AC300C985C2 /* _Protocol_Train.swift */; };
		657E6D972B05470D002CC126 /* _Actor_Sendable.swift in Sources */ = {isa = PBXBuildFile; fileRef = 657E6D962B05470D002CC126 /* _Actor_Sendable.swift */; };
		6582BED72AEA905E003B1610 /* _CAGradientLayer.swift in Sources */ = {isa = PBXBuildFile; fileRef = 6582BED62AEA905E003B1610 /* _CAGradientLayer.swift */; };
		658357642B778191008AD525 /* StretchySlider.swift in Sources */ = {isa = PBXBuildFile; fileRef = 658357632B778191008AD525 /* StretchySlider.swift */; };
		658AD14F2AE6972D00D7F4B8 /* EnumFeature.swift in Sources */ = {isa = PBXBuildFile; fileRef = 658AD14E2AE6972D00D7F4B8 /* EnumFeature.swift */; };
		6590C5DE2B8CB8D500878843 /* MiniPlayer.swift in Sources */ = {isa = PBXBuildFile; fileRef = 6590C5DD2B8CB8D500878843 /* MiniPlayer.swift */; };
		65921DB62B7CE58E00AF872F /* PopToRootView.swift in Sources */ = {isa = PBXBuildFile; fileRef = 65921DB52B7CE58E00AF872F /* PopToRootView.swift */; };
		659323432B42F65300ADA64A /* MapKitTrain.swift in Sources */ = {isa = PBXBuildFile; fileRef = 659323422B42F65300ADA64A /* MapKitTrain.swift */; };
		65933C1A2AFBB3990000660F /* AnimateFlip.swift in Sources */ = {isa = PBXBuildFile; fileRef = 65933C192AFBB3990000660F /* AnimateFlip.swift */; };
		65990E172AE94CA4002E9A16 /* trackingModifier_.swift in Sources */ = {isa = PBXBuildFile; fileRef = 65990E162AE94CA4002E9A16 /* trackingModifier_.swift */; };
		6599D7832AC478C800A6CD3E /* HeartAnimation.swift in Sources */ = {isa = PBXBuildFile; fileRef = 6599D7822AC478C800A6CD3E /* HeartAnimation.swift */; };
		659BD07C2AF92374009D8E7D /* LottieSwiftUI.swift in Sources */ = {isa = PBXBuildFile; fileRef = 659BD07B2AF92374009D8E7D /* LottieSwiftUI.swift */; };
		65A2AA7F2B59394500EB53DF /* InfiniteScrollView_.swift in Sources */ = {isa = PBXBuildFile; fileRef = 65A2AA7E2B59394500EB53DF /* InfiniteScrollView_.swift */; };
		65A519E82B542063007622E5 /* AnimatedPageIndicator_.swift in Sources */ = {isa = PBXBuildFile; fileRef = 65A519E72B542063007622E5 /* AnimatedPageIndicator_.swift */; };
		65AB59942B5D539D008F1C60 /* DropDownView.swift in Sources */ = {isa = PBXBuildFile; fileRef = 65AB59932B5D539D008F1C60 /* DropDownView.swift */; };
		65BC96EF2B14AFC2003CB936 /* _Shimmer.swift in Sources */ = {isa = PBXBuildFile; fileRef = 65BC96EE2B14AFC2003CB936 /* _Shimmer.swift */; };
		65BE80642AC5B20E00038167 /* HalfModal.swift in Sources */ = {isa = PBXBuildFile; fileRef = 65BE80632AC5B20E00038167 /* HalfModal.swift */; };
		65BE80662AC717B500038167 /* SectorChartExample.swift in Sources */ = {isa = PBXBuildFile; fileRef = 65BE80652AC717B500038167 /* SectorChartExample.swift */; };
		65C025812AB42497003E3418 /* HandSpinner.swift in Sources */ = {isa = PBXBuildFile; fileRef = 65C025802AB42497003E3418 /* HandSpinner.swift */; };
		65C21DD52ADAE5F500D98C3B /* ProgressBasedHeroAnimation.swift in Sources */ = {isa = PBXBuildFile; fileRef = 65C21DD42ADAE5F500D98C3B /* ProgressBasedHeroAnimation.swift */; };
		65C49D0F2AF927B60048BDEB /* LottieUIKit.swift in Sources */ = {isa = PBXBuildFile; fileRef = 65C49D0E2AF927B60048BDEB /* LottieUIKit.swift */; };
		65C49D112AF9293B0048BDEB /* Car.json in Resources */ = {isa = PBXBuildFile; fileRef = 65C49D102AF9293B0048BDEB /* Car.json */; };
		65C9C68B2B038C2E00EFFA6C /* IFCase.swift in Sources */ = {isa = PBXBuildFile; fileRef = 65C9C68A2B038C2E00EFFA6C /* IFCase.swift */; };
		65CA7A912B1235EC00483D3E /* _Debounce.swift in Sources */ = {isa = PBXBuildFile; fileRef = 65CA7A902B1235EC00483D3E /* _Debounce.swift */; };
		65CFBA8B2AE536D300ACEC62 /* sensoryFeedBack.swift in Sources */ = {isa = PBXBuildFile; fileRef = 65CFBA8A2AE536D300ACEC62 /* sensoryFeedBack.swift */; };
		65D6CF862AEBE6DF00B0ACA3 /* _Shadows.swift in Sources */ = {isa = PBXBuildFile; fileRef = 65D6CF852AEBE6DF00B0ACA3 /* _Shadows.swift */; };
		65E20A702AD19BEA00BBF7EC /* PresentingMultipleSheet.swift in Sources */ = {isa = PBXBuildFile; fileRef = 65E20A6F2AD19BEA00BBF7EC /* PresentingMultipleSheet.swift */; };
		65E20A722AD2F70E00BBF7EC /* InAppCustomNotification.swift in Sources */ = {isa = PBXBuildFile; fileRef = 65E20A712AD2F70E00BBF7EC /* InAppCustomNotification.swift */; };
		65E339F62AF68EEE008CF912 /* RollingCounter_.swift in Sources */ = {isa = PBXBuildFile; fileRef = 65E339F52AF68EEE008CF912 /* RollingCounter_.swift */; };
		65E8D1362AF5067800CDB432 /* _ConvenienceInitializer.swift in Sources */ = {isa = PBXBuildFile; fileRef = 65E8D1352AF5067800CDB432 /* _ConvenienceInitializer.swift */; };
		65ECAF812B612ACB00F0BFDB /* _LazyTrain.swift in Sources */ = {isa = PBXBuildFile; fileRef = 65ECAF802B612ACB00F0BFDB /* _LazyTrain.swift */; };
		65F48BD52B0CC17D00EA1EAD /* _WebView_Train.swift in Sources */ = {isa = PBXBuildFile; fileRef = 65F48BD42B0CC17D00EA1EAD /* _WebView_Train.swift */; };
		65F48BD72B0E2C9500EA1EAD /* _UIViewTransition.swift in Sources */ = {isa = PBXBuildFile; fileRef = 65F48BD62B0E2C9500EA1EAD /* _UIViewTransition.swift */; };
		65F48BD92B0FD01400EA1EAD /* _Ticket.swift in Sources */ = {isa = PBXBuildFile; fileRef = 65F48BD82B0FD01400EA1EAD /* _Ticket.swift */; };
		65F6974F2ABDC5800067E6C6 /* EmptyStateHandlingInIOS17.swift in Sources */ = {isa = PBXBuildFile; fileRef = 65F6974E2ABDC5800067E6C6 /* EmptyStateHandlingInIOS17.swift */; };
		65F697512ABDC6800067E6C6 /* MultiThreading.swift in Sources */ = {isa = PBXBuildFile; fileRef = 65F697502ABDC6800067E6C6 /* MultiThreading.swift */; };
		65FC1CA42AD59CD600AD6A60 /* UIKitPreview.swift in Sources */ = {isa = PBXBuildFile; fileRef = 65FC1CA32AD59CD600AD6A60 /* UIKitPreview.swift */; };
		65FCB3742AE41A5A00454C3C /* DatePicker.swift in Sources */ = {isa = PBXBuildFile; fileRef = 65FCB3732AE41A5A00454C3C /* DatePicker.swift */; };
		65FD59F92AD82DEB005E2125 /* Shimmer.swift in Sources */ = {isa = PBXBuildFile; fileRef = 65FD59F82AD82DEB005E2125 /* Shimmer.swift */; };
		65FE6EB52AEFF000007BBEF0 /* tapGestureController.swift in Sources */ = {isa = PBXBuildFile; fileRef = 65FE6EB42AEFF000007BBEF0 /* tapGestureController.swift */; };
		65FE6EB72AF13888007BBEF0 /* TypealiasPatterns.swift in Sources */ = {isa = PBXBuildFile; fileRef = 65FE6EB62AF13888007BBEF0 /* TypealiasPatterns.swift */; };
		CA0F804012709BC96E924EE0 /* Pods_AlphaFlyNextPercent.framework in Frameworks */ = {isa = PBXBuildFile; fileRef = CEBF67BE420BEA7DD144B9A7 /* Pods_AlphaFlyNextPercent.framework */; };
/* End PBXBuildFile section */

/* Begin PBXCopyFilesBuildPhase section */
		6574F94D2AED489500A44EC9 /* Embed Foundation Extensions */ = {
			isa = PBXCopyFilesBuildPhase;
			buildActionMask = 2147483647;
			dstPath = "";
			dstSubfolderSpec = 13;
			files = (
			);
			name = "Embed Foundation Extensions";
			runOnlyForDeploymentPostprocessing = 0;
		};
/* End PBXCopyFilesBuildPhase section */

/* Begin PBXFileReference section */
		650CD65F2AB03BA800502061 /* AccessControlVariation.swift */ = {isa = PBXFileReference; lastKnownFileType = sourcecode.swift; path = AccessControlVariation.swift; sourceTree = "<group>"; };
		650D82682B8271F700A00BC1 /* GestureTrain.swift */ = {isa = PBXFileReference; lastKnownFileType = sourcecode.swift; path = GestureTrain.swift; sourceTree = "<group>"; };
		650F65202AF2922600F69440 /* EnumConstructor.swift */ = {isa = PBXFileReference; lastKnownFileType = sourcecode.swift; path = EnumConstructor.swift; sourceTree = "<group>"; };
		65184B572AC9A68D00FB20C1 /* DarkModeAnimation.swift */ = {isa = PBXFileReference; lastKnownFileType = sourcecode.swift; path = DarkModeAnimation.swift; sourceTree = "<group>"; };
		6519710B2B65966200486BBB /* DuolingoDragAndDrop.swift */ = {isa = PBXFileReference; lastKnownFileType = sourcecode.swift; name = DuolingoDragAndDrop.swift; path = /Users/daiki.takano/Documents/Development/AlphaFlyNextPercent/AlphaFlyNextPercent/2023/DuolingoDragAndDrop.swift; sourceTree = "<absolute>"; };
		65197ADE2AC1CE6A00DA683C /* ConfigDemo.swift */ = {isa = PBXFileReference; lastKnownFileType = sourcecode.swift; path = ConfigDemo.swift; sourceTree = "<group>"; };
		65197AE02AC30FD200DA683C /* ScrollTransition.swift */ = {isa = PBXFileReference; lastKnownFileType = sourcecode.swift; path = ScrollTransition.swift; sourceTree = "<group>"; };
		6519F30D2AC824D0005B41FF /* SearchController.swift */ = {isa = PBXFileReference; lastKnownFileType = sourcecode.swift; path = SearchController.swift; sourceTree = "<group>"; };
		651DFE1B2ABC77FB00E18BBC /* GlassMorphism.swift */ = {isa = PBXFileReference; lastKnownFileType = sourcecode.swift; path = GlassMorphism.swift; sourceTree = "<group>"; };
		6527A34E2B21EE840050FBEC /* Upd_17_GradationAnimation.swift */ = {isa = PBXFileReference; lastKnownFileType = sourcecode.swift; path = Upd_17_GradationAnimation.swift; sourceTree = "<group>"; };
		652CCB5C2ACC4186001720B8 /* IfAsAnExpression.swift */ = {isa = PBXFileReference; lastKnownFileType = sourcecode.swift; path = IfAsAnExpression.swift; sourceTree = "<group>"; };
		6536B3652AFD26AF00C63C9E /* _BasicAnimos.swift */ = {isa = PBXFileReference; lastKnownFileType = sourcecode.swift; path = _BasicAnimos.swift; sourceTree = "<group>"; };
		6542F26B2AB731E30071EC01 /* keyPathExpression.swift */ = {isa = PBXFileReference; lastKnownFileType = sourcecode.swift; path = keyPathExpression.swift; sourceTree = "<group>"; };
		6542F26F2AB78B800071EC01 /* TagTextFieldSwiftUI.swift */ = {isa = PBXFileReference; lastKnownFileType = sourcecode.swift; path = TagTextFieldSwiftUI.swift; sourceTree = "<group>"; };
		6542F2742AB799480071EC01 /* Tag.swift */ = {isa = PBXFileReference; lastKnownFileType = sourcecode.swift; path = Tag.swift; sourceTree = "<group>"; };
		6542F2762AB79A3A0071EC01 /* Home.swift */ = {isa = PBXFileReference; lastKnownFileType = sourcecode.swift; path = Home.swift; sourceTree = "<group>"; };
		6542F2782AB79AEF0071EC01 /* TagField.swift */ = {isa = PBXFileReference; lastKnownFileType = sourcecode.swift; path = TagField.swift; sourceTree = "<group>"; };
		6542F27C2AB88A570071EC01 /* TagLayout.swift */ = {isa = PBXFileReference; lastKnownFileType = sourcecode.swift; path = TagLayout.swift; sourceTree = "<group>"; };
		65448C582AE7F59E00419185 /* UIOnboarding.swift */ = {isa = PBXFileReference; lastKnownFileType = sourcecode.swift; path = UIOnboarding.swift; sourceTree = "<group>"; };
		6546BDC72ACDB02F00218624 /* LayoutProtocol.swift */ = {isa = PBXFileReference; lastKnownFileType = sourcecode.swift; path = LayoutProtocol.swift; sourceTree = "<group>"; };
		654E95182B1626F70085A927 /* ShimmerStepPairsCardStepViewController+Extension.swift */ = {isa = PBXFileReference; lastKnownFileType = sourcecode.swift; path = "ShimmerStepPairsCardStepViewController+Extension.swift"; sourceTree = "<group>"; };
		6555AB1C2B1CB2CE0098E5F7 /* TextShimmer_SwiftUI.swift */ = {isa = PBXFileReference; lastKnownFileType = sourcecode.swift; path = TextShimmer_SwiftUI.swift; sourceTree = "<group>"; };
		655AF4072B6F775D0028662C /* HomeVC.swift */ = {isa = PBXFileReference; lastKnownFileType = sourcecode.swift; path = HomeVC.swift; sourceTree = "<group>"; };
		655AF40A2B6F78220028662C /* TabBarVC.swift */ = {isa = PBXFileReference; lastKnownFileType = sourcecode.swift; path = TabBarVC.swift; sourceTree = "<group>"; };
		655AF40C2B6F78EE0028662C /* SearchVC.swift */ = {isa = PBXFileReference; lastKnownFileType = sourcecode.swift; path = SearchVC.swift; sourceTree = "<group>"; };
		655AF40E2B6F79700028662C /* LibraryVC.swift */ = {isa = PBXFileReference; lastKnownFileType = sourcecode.swift; path = LibraryVC.swift; sourceTree = "<group>"; };
		655AF4132B6F7A5A0028662C /* AuthVC.swift */ = {isa = PBXFileReference; lastKnownFileType = sourcecode.swift; path = AuthVC.swift; sourceTree = "<group>"; };
		655AF4152B6F7A740028662C /* WelcomeVC.swift */ = {isa = PBXFileReference; lastKnownFileType = sourcecode.swift; path = WelcomeVC.swift; sourceTree = "<group>"; };
		655AF4172B6F7A940028662C /* SettingsVC.swift */ = {isa = PBXFileReference; lastKnownFileType = sourcecode.swift; path = SettingsVC.swift; sourceTree = "<group>"; };
		655AF4192B6F7AA10028662C /* ProfileVC.swift */ = {isa = PBXFileReference; lastKnownFileType = sourcecode.swift; path = ProfileVC.swift; sourceTree = "<group>"; };
		655AF41B2B6F7AB00028662C /* PlayerVC.swift */ = {isa = PBXFileReference; lastKnownFileType = sourcecode.swift; path = PlayerVC.swift; sourceTree = "<group>"; };
		655AF41D2B6F7AC00028662C /* PlaylistVC.swift */ = {isa = PBXFileReference; lastKnownFileType = sourcecode.swift; path = PlaylistVC.swift; sourceTree = "<group>"; };
		655AF41F2B6F7AD40028662C /* SearchResultsVC.swift */ = {isa = PBXFileReference; lastKnownFileType = sourcecode.swift; path = SearchResultsVC.swift; sourceTree = "<group>"; };
		655AF4212B6F7E9B0028662C /* AuthM.swift */ = {isa = PBXFileReference; lastKnownFileType = sourcecode.swift; path = AuthM.swift; sourceTree = "<group>"; };
		655AF4232B6F7EAC0028662C /* APICaller.swift */ = {isa = PBXFileReference; lastKnownFileType = sourcecode.swift; path = APICaller.swift; sourceTree = "<group>"; };
		655AF4252B6F7EB70028662C /* HapticsM.swift */ = {isa = PBXFileReference; lastKnownFileType = sourcecode.swift; path = HapticsM.swift; sourceTree = "<group>"; };
		655AF4272B6F7F120028662C /* Playlist.swift */ = {isa = PBXFileReference; fileEncoding = 4; lastKnownFileType = sourcecode.swift; path = Playlist.swift; sourceTree = "<group>"; };
		655AF4292B6F7F300028662C /* AudioTrack.swift */ = {isa = PBXFileReference; lastKnownFileType = sourcecode.swift; path = AudioTrack.swift; sourceTree = "<group>"; };
		655AF42B2B6F7F3C0028662C /* Artist.swift */ = {isa = PBXFileReference; lastKnownFileType = sourcecode.swift; path = Artist.swift; sourceTree = "<group>"; };
		655AF42D2B6F7F440028662C /* UserProfile.swift */ = {isa = PBXFileReference; lastKnownFileType = sourcecode.swift; path = UserProfile.swift; sourceTree = "<group>"; };
		656439B22AFFCB2500447715 /* Logging.swift */ = {isa = PBXFileReference; lastKnownFileType = sourcecode.swift; path = Logging.swift; sourceTree = "<group>"; };
		656B666B2AACA6B0007F1A7D /* AlphaFlyNextPercent.app */ = {isa = PBXFileReference; explicitFileType = wrapper.application; includeInIndex = 0; path = AlphaFlyNextPercent.app; sourceTree = BUILT_PRODUCTS_DIR; };
		656B666E2AACA6B0007F1A7D /* AppDelegate.swift */ = {isa = PBXFileReference; lastKnownFileType = sourcecode.swift; path = AppDelegate.swift; sourceTree = "<group>"; };
		656B66702AACA6B0007F1A7D /* SceneDelegate.swift */ = {isa = PBXFileReference; lastKnownFileType = sourcecode.swift; path = SceneDelegate.swift; sourceTree = "<group>"; };
		656B66722AACA6B0007F1A7D /* MainTabBarViewController.swift */ = {isa = PBXFileReference; lastKnownFileType = sourcecode.swift; path = MainTabBarViewController.swift; sourceTree = "<group>"; };
		656B66772AACA6B0007F1A7D /* Assets.xcassets */ = {isa = PBXFileReference; lastKnownFileType = folder.assetcatalog; path = Assets.xcassets; sourceTree = "<group>"; };
		656B667A2AACA6B0007F1A7D /* Base */ = {isa = PBXFileReference; lastKnownFileType = file.storyboard; name = Base; path = Base.lproj/LaunchScreen.storyboard; sourceTree = "<group>"; };
		656B667C2AACA6B0007F1A7D /* Info.plist */ = {isa = PBXFileReference; lastKnownFileType = text.plist.xml; path = Info.plist; sourceTree = "<group>"; };
		656B66832AACA6F3007F1A7D /* MondrianOfMondrian.swift */ = {isa = PBXFileReference; lastKnownFileType = sourcecode.swift; path = MondrianOfMondrian.swift; sourceTree = "<group>"; };
		656B66862AACA841007F1A7D /* Extension.swift */ = {isa = PBXFileReference; lastKnownFileType = sourcecode.swift; path = Extension.swift; sourceTree = "<group>"; };
		6571057F2B064FD7001A764B /* _CoreAnimo.swift */ = {isa = PBXFileReference; lastKnownFileType = sourcecode.swift; path = _CoreAnimo.swift; sourceTree = "<group>"; };
		6574F9372AED489400A44EC9 /* WidgetKit.framework */ = {isa = PBXFileReference; lastKnownFileType = wrapper.framework; name = WidgetKit.framework; path = System/Library/Frameworks/WidgetKit.framework; sourceTree = SDKROOT; };
		6574F9392AED489400A44EC9 /* SwiftUI.framework */ = {isa = PBXFileReference; lastKnownFileType = wrapper.framework; name = SwiftUI.framework; path = System/Library/Frameworks/SwiftUI.framework; sourceTree = SDKROOT; };
		6579D7C82AC07C83001CEE44 /* ToggleContentTransition.swift */ = {isa = PBXFileReference; lastKnownFileType = sourcecode.swift; path = ToggleContentTransition.swift; sourceTree = "<group>"; };
		657D1AC42B108AC300C985C2 /* _Protocol_Train.swift */ = {isa = PBXFileReference; lastKnownFileType = sourcecode.swift; path = _Protocol_Train.swift; sourceTree = "<group>"; };
		657E6D962B05470D002CC126 /* _Actor_Sendable.swift */ = {isa = PBXFileReference; lastKnownFileType = sourcecode.swift; path = _Actor_Sendable.swift; sourceTree = "<group>"; };
		6582BED62AEA905E003B1610 /* _CAGradientLayer.swift */ = {isa = PBXFileReference; lastKnownFileType = sourcecode.swift; path = _CAGradientLayer.swift; sourceTree = "<group>"; };
		658357632B778191008AD525 /* StretchySlider.swift */ = {isa = PBXFileReference; lastKnownFileType = sourcecode.swift; path = StretchySlider.swift; sourceTree = "<group>"; };
		658AD14E2AE6972D00D7F4B8 /* EnumFeature.swift */ = {isa = PBXFileReference; lastKnownFileType = sourcecode.swift; path = EnumFeature.swift; sourceTree = "<group>"; };
		6590C5DD2B8CB8D500878843 /* MiniPlayer.swift */ = {isa = PBXFileReference; lastKnownFileType = sourcecode.swift; path = MiniPlayer.swift; sourceTree = "<group>"; };
		65921DB52B7CE58E00AF872F /* PopToRootView.swift */ = {isa = PBXFileReference; lastKnownFileType = sourcecode.swift; path = PopToRootView.swift; sourceTree = "<group>"; };
		659323422B42F65300ADA64A /* MapKitTrain.swift */ = {isa = PBXFileReference; lastKnownFileType = sourcecode.swift; path = MapKitTrain.swift; sourceTree = "<group>"; };
		65933C192AFBB3990000660F /* AnimateFlip.swift */ = {isa = PBXFileReference; lastKnownFileType = sourcecode.swift; path = AnimateFlip.swift; sourceTree = "<group>"; };
		65990E162AE94CA4002E9A16 /* trackingModifier_.swift */ = {isa = PBXFileReference; lastKnownFileType = sourcecode.swift; path = trackingModifier_.swift; sourceTree = "<group>"; };
		6599D7822AC478C800A6CD3E /* HeartAnimation.swift */ = {isa = PBXFileReference; lastKnownFileType = sourcecode.swift; path = HeartAnimation.swift; sourceTree = "<group>"; };
		659BD07B2AF92374009D8E7D /* LottieSwiftUI.swift */ = {isa = PBXFileReference; lastKnownFileType = sourcecode.swift; path = LottieSwiftUI.swift; sourceTree = "<group>"; };
		65A2AA7E2B59394500EB53DF /* InfiniteScrollView_.swift */ = {isa = PBXFileReference; lastKnownFileType = sourcecode.swift; path = InfiniteScrollView_.swift; sourceTree = "<group>"; };
		65A519E72B542063007622E5 /* AnimatedPageIndicator_.swift */ = {isa = PBXFileReference; lastKnownFileType = sourcecode.swift; path = AnimatedPageIndicator_.swift; sourceTree = "<group>"; };
		65AB59932B5D539D008F1C60 /* DropDownView.swift */ = {isa = PBXFileReference; lastKnownFileType = sourcecode.swift; path = DropDownView.swift; sourceTree = "<group>"; };
		65BC96EE2B14AFC2003CB936 /* _Shimmer.swift */ = {isa = PBXFileReference; lastKnownFileType = sourcecode.swift; path = _Shimmer.swift; sourceTree = "<group>"; };
		65BE80632AC5B20E00038167 /* HalfModal.swift */ = {isa = PBXFileReference; lastKnownFileType = sourcecode.swift; path = HalfModal.swift; sourceTree = "<group>"; };
		65BE80652AC717B500038167 /* SectorChartExample.swift */ = {isa = PBXFileReference; lastKnownFileType = sourcecode.swift; path = SectorChartExample.swift; sourceTree = "<group>"; };
		65C025802AB42497003E3418 /* HandSpinner.swift */ = {isa = PBXFileReference; lastKnownFileType = sourcecode.swift; path = HandSpinner.swift; sourceTree = "<group>"; };
		65C21DD42ADAE5F500D98C3B /* ProgressBasedHeroAnimation.swift */ = {isa = PBXFileReference; lastKnownFileType = sourcecode.swift; path = ProgressBasedHeroAnimation.swift; sourceTree = "<group>"; };
		65C49D0E2AF927B60048BDEB /* LottieUIKit.swift */ = {isa = PBXFileReference; lastKnownFileType = sourcecode.swift; path = LottieUIKit.swift; sourceTree = "<group>"; };
		65C49D102AF9293B0048BDEB /* Car.json */ = {isa = PBXFileReference; fileEncoding = 4; lastKnownFileType = text.json; path = Car.json; sourceTree = "<group>"; };
		65C9C68A2B038C2E00EFFA6C /* IFCase.swift */ = {isa = PBXFileReference; lastKnownFileType = sourcecode.swift; path = IFCase.swift; sourceTree = "<group>"; };
		65CA7A902B1235EC00483D3E /* _Debounce.swift */ = {isa = PBXFileReference; lastKnownFileType = sourcecode.swift; path = _Debounce.swift; sourceTree = "<group>"; };
		65CFBA8A2AE536D300ACEC62 /* sensoryFeedBack.swift */ = {isa = PBXFileReference; lastKnownFileType = sourcecode.swift; path = sensoryFeedBack.swift; sourceTree = "<group>"; };
		65D6CF852AEBE6DF00B0ACA3 /* _Shadows.swift */ = {isa = PBXFileReference; lastKnownFileType = sourcecode.swift; path = _Shadows.swift; sourceTree = "<group>"; };
		65E20A6F2AD19BEA00BBF7EC /* PresentingMultipleSheet.swift */ = {isa = PBXFileReference; lastKnownFileType = sourcecode.swift; path = PresentingMultipleSheet.swift; sourceTree = "<group>"; };
		65E20A712AD2F70E00BBF7EC /* InAppCustomNotification.swift */ = {isa = PBXFileReference; lastKnownFileType = sourcecode.swift; path = InAppCustomNotification.swift; sourceTree = "<group>"; };
		65E339F52AF68EEE008CF912 /* RollingCounter_.swift */ = {isa = PBXFileReference; lastKnownFileType = sourcecode.swift; path = RollingCounter_.swift; sourceTree = "<group>"; };
		65E8D1352AF5067800CDB432 /* _ConvenienceInitializer.swift */ = {isa = PBXFileReference; lastKnownFileType = sourcecode.swift; path = _ConvenienceInitializer.swift; sourceTree = "<group>"; };
		65ECAF802B612ACB00F0BFDB /* _LazyTrain.swift */ = {isa = PBXFileReference; lastKnownFileType = sourcecode.swift; path = _LazyTrain.swift; sourceTree = "<group>"; };
		65F48BD42B0CC17D00EA1EAD /* _WebView_Train.swift */ = {isa = PBXFileReference; lastKnownFileType = sourcecode.swift; path = _WebView_Train.swift; sourceTree = "<group>"; };
		65F48BD62B0E2C9500EA1EAD /* _UIViewTransition.swift */ = {isa = PBXFileReference; lastKnownFileType = sourcecode.swift; path = _UIViewTransition.swift; sourceTree = "<group>"; };
		65F48BD82B0FD01400EA1EAD /* _Ticket.swift */ = {isa = PBXFileReference; lastKnownFileType = sourcecode.swift; path = _Ticket.swift; sourceTree = "<group>"; };
		65F6974E2ABDC5800067E6C6 /* EmptyStateHandlingInIOS17.swift */ = {isa = PBXFileReference; lastKnownFileType = sourcecode.swift; path = EmptyStateHandlingInIOS17.swift; sourceTree = "<group>"; };
		65F697502ABDC6800067E6C6 /* MultiThreading.swift */ = {isa = PBXFileReference; lastKnownFileType = sourcecode.swift; path = MultiThreading.swift; sourceTree = "<group>"; };
		65FC1CA32AD59CD600AD6A60 /* UIKitPreview.swift */ = {isa = PBXFileReference; lastKnownFileType = sourcecode.swift; path = UIKitPreview.swift; sourceTree = "<group>"; };
		65FCB3732AE41A5A00454C3C /* DatePicker.swift */ = {isa = PBXFileReference; lastKnownFileType = sourcecode.swift; path = DatePicker.swift; sourceTree = "<group>"; };
		65FD59F82AD82DEB005E2125 /* Shimmer.swift */ = {isa = PBXFileReference; lastKnownFileType = sourcecode.swift; path = Shimmer.swift; sourceTree = "<group>"; };
		65FE6EB42AEFF000007BBEF0 /* tapGestureController.swift */ = {isa = PBXFileReference; lastKnownFileType = sourcecode.swift; path = tapGestureController.swift; sourceTree = "<group>"; };
		65FE6EB62AF13888007BBEF0 /* TypealiasPatterns.swift */ = {isa = PBXFileReference; lastKnownFileType = sourcecode.swift; path = TypealiasPatterns.swift; sourceTree = "<group>"; };
		6DD5FD27638AC0DA62C58DC9 /* Pods-AlphaFlyNextPercent.release.xcconfig */ = {isa = PBXFileReference; includeInIndex = 1; lastKnownFileType = text.xcconfig; name = "Pods-AlphaFlyNextPercent.release.xcconfig"; path = "Target Support Files/Pods-AlphaFlyNextPercent/Pods-AlphaFlyNextPercent.release.xcconfig"; sourceTree = "<group>"; };
		AB2702EDECC1D176D64322F4 /* Pods-AlphaFlyNextPercent.debug.xcconfig */ = {isa = PBXFileReference; includeInIndex = 1; lastKnownFileType = text.xcconfig; name = "Pods-AlphaFlyNextPercent.debug.xcconfig"; path = "Target Support Files/Pods-AlphaFlyNextPercent/Pods-AlphaFlyNextPercent.debug.xcconfig"; sourceTree = "<group>"; };
		CEBF67BE420BEA7DD144B9A7 /* Pods_AlphaFlyNextPercent.framework */ = {isa = PBXFileReference; explicitFileType = wrapper.framework; includeInIndex = 0; path = Pods_AlphaFlyNextPercent.framework; sourceTree = BUILT_PRODUCTS_DIR; };
/* End PBXFileReference section */

/* Begin PBXFrameworksBuildPhase section */
		656B66682AACA6B0007F1A7D /* Frameworks */ = {
			isa = PBXFrameworksBuildPhase;
			buildActionMask = 2147483647;
			files = (
				CA0F804012709BC96E924EE0 /* Pods_AlphaFlyNextPercent.framework in Frameworks */,
				65448C572AE7F57300419185 /* UIOnboarding in Frameworks */,
				654787F82BCD161F00209B68 /* FacebookShare in Frameworks */,
			);
			runOnlyForDeploymentPostprocessing = 0;
		};
/* End PBXFrameworksBuildPhase section */

/* Begin PBXGroup section */
		4242367A30720210C3C83B47 /* Pods */ = {
			isa = PBXGroup;
			children = (
				AB2702EDECC1D176D64322F4 /* Pods-AlphaFlyNextPercent.debug.xcconfig */,
				6DD5FD27638AC0DA62C58DC9 /* Pods-AlphaFlyNextPercent.release.xcconfig */,
			);
			path = Pods;
			sourceTree = "<group>";
		};
		6519F30C2AC824B4005B41FF /* UISearchController */ = {
			isa = PBXGroup;
			children = (
				6519F30D2AC824D0005B41FF /* SearchController.swift */,
			);
			path = UISearchController;
			sourceTree = "<group>";
		};
		651DFE1A2ABC77D900E18BBC /* GlassMorphism */ = {
			isa = PBXGroup;
			children = (
				651DFE1B2ABC77FB00E18BBC /* GlassMorphism.swift */,
			);
			path = GlassMorphism;
			sourceTree = "<group>";
		};
		6542F2712AB798F80071EC01 /* TagTextField */ = {
			isa = PBXGroup;
			children = (
				6542F2722AB799110071EC01 /* Model */,
				6542F2732AB799240071EC01 /* View */,
				6542F26F2AB78B800071EC01 /* TagTextFieldSwiftUI.swift */,
			);
			path = TagTextField;
			sourceTree = "<group>";
		};
		6542F2722AB799110071EC01 /* Model */ = {
			isa = PBXGroup;
			children = (
				6542F2742AB799480071EC01 /* Tag.swift */,
			);
			path = Model;
			sourceTree = "<group>";
		};
		6542F2732AB799240071EC01 /* View */ = {
			isa = PBXGroup;
			children = (
				6542F2762AB79A3A0071EC01 /* Home.swift */,
				6542F27C2AB88A570071EC01 /* TagLayout.swift */,
				6542F2782AB79AEF0071EC01 /* TagField.swift */,
			);
			path = View;
			sourceTree = "<group>";
		};
		655AF4012B6F769B0028662C /* Spotify */ = {
			isa = PBXGroup;
			children = (
				655AF4092B6F77CC0028662C /* ViewController */,
				655AF4052B6F77150028662C /* Views */,
				655AF4062B6F77210028662C /* ViewModels */,
				655AF4042B6F76DB0028662C /* Models */,
				655AF4032B6F76CB0028662C /* Managers */,
				655AF4022B6F76BA0028662C /* Resources */,
			);
			path = Spotify;
			sourceTree = "<group>";
		};
		655AF4022B6F76BA0028662C /* Resources */ = {
			isa = PBXGroup;
			children = (
			);
			path = Resources;
			sourceTree = "<group>";
		};
		655AF4032B6F76CB0028662C /* Managers */ = {
			isa = PBXGroup;
			children = (
				655AF4212B6F7E9B0028662C /* AuthM.swift */,
				655AF4232B6F7EAC0028662C /* APICaller.swift */,
				655AF4252B6F7EB70028662C /* HapticsM.swift */,
			);
			path = Managers;
			sourceTree = "<group>";
		};
		655AF4042B6F76DB0028662C /* Models */ = {
			isa = PBXGroup;
			children = (
				655AF4272B6F7F120028662C /* Playlist.swift */,
				655AF4292B6F7F300028662C /* AudioTrack.swift */,
				655AF42B2B6F7F3C0028662C /* Artist.swift */,
				655AF42D2B6F7F440028662C /* UserProfile.swift */,
			);
			path = Models;
			sourceTree = "<group>";
		};
		655AF4052B6F77150028662C /* Views */ = {
			isa = PBXGroup;
			children = (
			);
			path = Views;
			sourceTree = "<group>";
		};
		655AF4062B6F77210028662C /* ViewModels */ = {
			isa = PBXGroup;
			children = (
			);
			path = ViewModels;
			sourceTree = "<group>";
		};
		655AF4092B6F77CC0028662C /* ViewController */ = {
			isa = PBXGroup;
			children = (
				655AF4122B6F7A450028662C /* Other */,
				655AF4112B6F79B10028662C /* Core */,
			);
			path = ViewController;
			sourceTree = "<group>";
		};
		655AF4112B6F79B10028662C /* Core */ = {
			isa = PBXGroup;
			children = (
				655AF40A2B6F78220028662C /* TabBarVC.swift */,
				655AF40C2B6F78EE0028662C /* SearchVC.swift */,
				655AF40E2B6F79700028662C /* LibraryVC.swift */,
				655AF4072B6F775D0028662C /* HomeVC.swift */,
			);
			path = Core;
			sourceTree = "<group>";
		};
		655AF4122B6F7A450028662C /* Other */ = {
			isa = PBXGroup;
			children = (
				655AF4132B6F7A5A0028662C /* AuthVC.swift */,
				655AF4152B6F7A740028662C /* WelcomeVC.swift */,
				655AF4172B6F7A940028662C /* SettingsVC.swift */,
				655AF4192B6F7AA10028662C /* ProfileVC.swift */,
				655AF41B2B6F7AB00028662C /* PlayerVC.swift */,
				655AF41D2B6F7AC00028662C /* PlaylistVC.swift */,
				655AF41F2B6F7AD40028662C /* SearchResultsVC.swift */,
			);
			path = Other;
			sourceTree = "<group>";
		};
		655AF42F2B6F8D550028662C /* 2024 */ = {
			isa = PBXGroup;
			children = (
				659323422B42F65300ADA64A /* MapKitTrain.swift */,
				65AB59932B5D539D008F1C60 /* DropDownView.swift */,
				65A2AA7E2B59394500EB53DF /* InfiniteScrollView_.swift */,
				650D82682B8271F700A00BC1 /* GestureTrain.swift */,
				658357632B778191008AD525 /* StretchySlider.swift */,
				65921DB52B7CE58E00AF872F /* PopToRootView.swift */,
				6590C5DD2B8CB8D500878843 /* MiniPlayer.swift */,
				6519710B2B65966200486BBB /* DuolingoDragAndDrop.swift */,
				655AF4012B6F769B0028662C /* Spotify */,
			);
			path = 2024;
			sourceTree = "<group>";
		};
		656B66622AACA6B0007F1A7D = {
			isa = PBXGroup;
			children = (
				656B666D2AACA6B0007F1A7D /* AlphaFlyNextPercent */,
				656B666C2AACA6B0007F1A7D /* Products */,
				4242367A30720210C3C83B47 /* Pods */,
				7CF1B94F6B66832740A55CE0 /* Frameworks */,
			);
			sourceTree = "<group>";
		};
		656B666C2AACA6B0007F1A7D /* Products */ = {
			isa = PBXGroup;
			children = (
				656B666B2AACA6B0007F1A7D /* AlphaFlyNextPercent.app */,
			);
			name = Products;
			sourceTree = "<group>";
		};
		656B666D2AACA6B0007F1A7D /* AlphaFlyNextPercent */ = {
			isa = PBXGroup;
			children = (
				655AF42F2B6F8D550028662C /* 2024 */,
				656B66852AACA79D007F1A7D /* 2023 */,
				656B666E2AACA6B0007F1A7D /* AppDelegate.swift */,
				656B66702AACA6B0007F1A7D /* SceneDelegate.swift */,
				656B66722AACA6B0007F1A7D /* MainTabBarViewController.swift */,
				65C49D102AF9293B0048BDEB /* Car.json */,
				656B66772AACA6B0007F1A7D /* Assets.xcassets */,
				656B66792AACA6B0007F1A7D /* LaunchScreen.storyboard */,
				656B667C2AACA6B0007F1A7D /* Info.plist */,
			);
			path = AlphaFlyNextPercent;
			sourceTree = "<group>";
		};
		656B66822AACA6C9007F1A7D /* MondrianOfMondrian */ = {
			isa = PBXGroup;
			children = (
				656B66832AACA6F3007F1A7D /* MondrianOfMondrian.swift */,
				656B66862AACA841007F1A7D /* Extension.swift */,
			);
			path = MondrianOfMondrian;
			sourceTree = "<group>";
		};
		656B66852AACA79D007F1A7D /* 2023 */ = {
			isa = PBXGroup;
			children = (
				6519F30C2AC824B4005B41FF /* UISearchController */,
				65F6974D2ABDC54F0067E6C6 /* EmptyStateHandlingInIOS17 */,
				651DFE1A2ABC77D900E18BBC /* GlassMorphism */,
				656B66822AACA6C9007F1A7D /* MondrianOfMondrian */,
				650CD65F2AB03BA800502061 /* AccessControlVariation.swift */,
				6542F26B2AB731E30071EC01 /* keyPathExpression.swift */,
				65A519E72B542063007622E5 /* AnimatedPageIndicator_.swift */,
				6542F2712AB798F80071EC01 /* TagTextField */,
				65C025802AB42497003E3418 /* HandSpinner.swift */,
				65F697502ABDC6800067E6C6 /* MultiThreading.swift */,
				6579D7C82AC07C83001CEE44 /* ToggleContentTransition.swift */,
				65197ADE2AC1CE6A00DA683C /* ConfigDemo.swift */,
				65197AE02AC30FD200DA683C /* ScrollTransition.swift */,
				6599D7822AC478C800A6CD3E /* HeartAnimation.swift */,
				65BE80632AC5B20E00038167 /* HalfModal.swift */,
				65BE80652AC717B500038167 /* SectorChartExample.swift */,
				65184B572AC9A68D00FB20C1 /* DarkModeAnimation.swift */,
				652CCB5C2ACC4186001720B8 /* IfAsAnExpression.swift */,
				6546BDC72ACDB02F00218624 /* LayoutProtocol.swift */,
				65E20A6F2AD19BEA00BBF7EC /* PresentingMultipleSheet.swift */,
				65E20A712AD2F70E00BBF7EC /* InAppCustomNotification.swift */,
				65FC1CA32AD59CD600AD6A60 /* UIKitPreview.swift */,
				65FD59F82AD82DEB005E2125 /* Shimmer.swift */,
				65C21DD42ADAE5F500D98C3B /* ProgressBasedHeroAnimation.swift */,
				65FCB3732AE41A5A00454C3C /* DatePicker.swift */,
				65CFBA8A2AE536D300ACEC62 /* sensoryFeedBack.swift */,
				658AD14E2AE6972D00D7F4B8 /* EnumFeature.swift */,
				65448C582AE7F59E00419185 /* UIOnboarding.swift */,
				65990E162AE94CA4002E9A16 /* trackingModifier_.swift */,
				6582BED62AEA905E003B1610 /* _CAGradientLayer.swift */,
				65D6CF852AEBE6DF00B0ACA3 /* _Shadows.swift */,
				65FE6EB42AEFF000007BBEF0 /* tapGestureController.swift */,
				65FE6EB62AF13888007BBEF0 /* TypealiasPatterns.swift */,
				650F65202AF2922600F69440 /* EnumConstructor.swift */,
				65E8D1352AF5067800CDB432 /* _ConvenienceInitializer.swift */,
				65E339F52AF68EEE008CF912 /* RollingCounter_.swift */,
				659BD07B2AF92374009D8E7D /* LottieSwiftUI.swift */,
				65C49D0E2AF927B60048BDEB /* LottieUIKit.swift */,
				65933C192AFBB3990000660F /* AnimateFlip.swift */,
				6536B3652AFD26AF00C63C9E /* _BasicAnimos.swift */,
				656439B22AFFCB2500447715 /* Logging.swift */,
				65C9C68A2B038C2E00EFFA6C /* IFCase.swift */,
				657E6D962B05470D002CC126 /* _Actor_Sendable.swift */,
				6571057F2B064FD7001A764B /* _CoreAnimo.swift */,
				65F48BD42B0CC17D00EA1EAD /* _WebView_Train.swift */,
				65F48BD62B0E2C9500EA1EAD /* _UIViewTransition.swift */,
				65F48BD82B0FD01400EA1EAD /* _Ticket.swift */,
				657D1AC42B108AC300C985C2 /* _Protocol_Train.swift */,
				65CA7A902B1235EC00483D3E /* _Debounce.swift */,
				65BC96EE2B14AFC2003CB936 /* _Shimmer.swift */,
				65ECAF802B612ACB00F0BFDB /* _LazyTrain.swift */,
				654E95182B1626F70085A927 /* ShimmerStepPairsCardStepViewController+Extension.swift */,
				6555AB1C2B1CB2CE0098E5F7 /* TextShimmer_SwiftUI.swift */,
				6527A34E2B21EE840050FBEC /* Upd_17_GradationAnimation.swift */,
			);
			path = 2023;
			sourceTree = "<group>";
		};
		65F6974D2ABDC54F0067E6C6 /* EmptyStateHandlingInIOS17 */ = {
			isa = PBXGroup;
			children = (
				65F6974E2ABDC5800067E6C6 /* EmptyStateHandlingInIOS17.swift */,
			);
			path = EmptyStateHandlingInIOS17;
			sourceTree = "<group>";
		};
		7CF1B94F6B66832740A55CE0 /* Frameworks */ = {
			isa = PBXGroup;
			children = (
				CEBF67BE420BEA7DD144B9A7 /* Pods_AlphaFlyNextPercent.framework */,
				6574F9372AED489400A44EC9 /* WidgetKit.framework */,
				6574F9392AED489400A44EC9 /* SwiftUI.framework */,
			);
			name = Frameworks;
			sourceTree = "<group>";
		};
/* End PBXGroup section */

/* Begin PBXNativeTarget section */
		656B666A2AACA6B0007F1A7D /* AlphaFlyNextPercent */ = {
			isa = PBXNativeTarget;
			buildConfigurationList = 656B667F2AACA6B0007F1A7D /* Build configuration list for PBXNativeTarget "AlphaFlyNextPercent" */;
			buildPhases = (
				33C829F3B5CFBDFB9D360978 /* [CP] Check Pods Manifest.lock */,
				656B66672AACA6B0007F1A7D /* Sources */,
				656B66682AACA6B0007F1A7D /* Frameworks */,
				656B66692AACA6B0007F1A7D /* Resources */,
				4BC10B01037D6FB7A78D97AE /* [CP] Embed Pods Frameworks */,
				6574F94D2AED489500A44EC9 /* Embed Foundation Extensions */,
			);
			buildRules = (
			);
			dependencies = (
			);
			name = AlphaFlyNextPercent;
			packageProductDependencies = (
				65448C562AE7F57300419185 /* UIOnboarding */,
				654787F72BCD161F00209B68 /* FacebookShare */,
			);
			productName = AlphaFlyNextPercent;
			productReference = 656B666B2AACA6B0007F1A7D /* AlphaFlyNextPercent.app */;
			productType = "com.apple.product-type.application";
		};
/* End PBXNativeTarget section */

/* Begin PBXProject section */
		656B66632AACA6B0007F1A7D /* Project object */ = {
			isa = PBXProject;
			attributes = {
				BuildIndependentTargetsInParallel = 1;
				LastSwiftUpdateCheck = 1500;
				LastUpgradeCheck = 1430;
				TargetAttributes = {
					656B666A2AACA6B0007F1A7D = {
						CreatedOnToolsVersion = 14.3.1;
					};
				};
			};
			buildConfigurationList = 656B66662AACA6B0007F1A7D /* Build configuration list for PBXProject "AlphaFlyNextPercent" */;
			compatibilityVersion = "Xcode 14.0";
			developmentRegion = en;
			hasScannedForEncodings = 0;
			knownRegions = (
				en,
				Base,
			);
			mainGroup = 656B66622AACA6B0007F1A7D;
			packageReferences = (
				65448C552AE7F57300419185 /* XCRemoteSwiftPackageReference "UIOnboarding" */,
				65FB90B72B9E0B6C004B3A90 /* XCRemoteSwiftPackageReference "LicensesPlugin" */,
				654787F62BCD161F00209B68 /* XCRemoteSwiftPackageReference "facebook-ios-sdk" */,
			);
			productRefGroup = 656B666C2AACA6B0007F1A7D /* Products */;
			projectDirPath = "";
			projectRoot = "";
			targets = (
				656B666A2AACA6B0007F1A7D /* AlphaFlyNextPercent */,
			);
		};
/* End PBXProject section */

/* Begin PBXResourcesBuildPhase section */
		656B66692AACA6B0007F1A7D /* Resources */ = {
			isa = PBXResourcesBuildPhase;
			buildActionMask = 2147483647;
			files = (
				656B667B2AACA6B0007F1A7D /* LaunchScreen.storyboard in Resources */,
				65C49D112AF9293B0048BDEB /* Car.json in Resources */,
				656B66782AACA6B0007F1A7D /* Assets.xcassets in Resources */,
			);
			runOnlyForDeploymentPostprocessing = 0;
		};
/* End PBXResourcesBuildPhase section */

/* Begin PBXShellScriptBuildPhase section */
		33C829F3B5CFBDFB9D360978 /* [CP] Check Pods Manifest.lock */ = {
			isa = PBXShellScriptBuildPhase;
			buildActionMask = 2147483647;
			files = (
			);
			inputFileListPaths = (
			);
			inputPaths = (
				"${PODS_PODFILE_DIR_PATH}/Podfile.lock",
				"${PODS_ROOT}/Manifest.lock",
			);
			name = "[CP] Check Pods Manifest.lock";
			outputFileListPaths = (
			);
			outputPaths = (
				"$(DERIVED_FILE_DIR)/Pods-AlphaFlyNextPercent-checkManifestLockResult.txt",
			);
			runOnlyForDeploymentPostprocessing = 0;
			shellPath = /bin/sh;
			shellScript = "diff \"${PODS_PODFILE_DIR_PATH}/Podfile.lock\" \"${PODS_ROOT}/Manifest.lock\" > /dev/null\nif [ $? != 0 ] ; then\n    # print error to STDERR\n    echo \"error: The sandbox is not in sync with the Podfile.lock. Run 'pod install' or update your CocoaPods installation.\" >&2\n    exit 1\nfi\n# This output is used by Xcode 'outputs' to avoid re-running this script phase.\necho \"SUCCESS\" > \"${SCRIPT_OUTPUT_FILE_0}\"\n";
			showEnvVarsInLog = 0;
		};
		4BC10B01037D6FB7A78D97AE /* [CP] Embed Pods Frameworks */ = {
			isa = PBXShellScriptBuildPhase;
			buildActionMask = 2147483647;
			files = (
			);
			inputFileListPaths = (
				"${PODS_ROOT}/Target Support Files/Pods-AlphaFlyNextPercent/Pods-AlphaFlyNextPercent-frameworks-${CONFIGURATION}-input-files.xcfilelist",
			);
			name = "[CP] Embed Pods Frameworks";
			outputFileListPaths = (
				"${PODS_ROOT}/Target Support Files/Pods-AlphaFlyNextPercent/Pods-AlphaFlyNextPercent-frameworks-${CONFIGURATION}-output-files.xcfilelist",
			);
			runOnlyForDeploymentPostprocessing = 0;
			shellPath = /bin/sh;
			shellScript = "\"${PODS_ROOT}/Target Support Files/Pods-AlphaFlyNextPercent/Pods-AlphaFlyNextPercent-frameworks.sh\"\n";
			showEnvVarsInLog = 0;
		};
/* End PBXShellScriptBuildPhase section */

/* Begin PBXSourcesBuildPhase section */
		656B66672AACA6B0007F1A7D /* Sources */ = {
			isa = PBXSourcesBuildPhase;
			buildActionMask = 2147483647;
			files = (
				65F697512ABDC6800067E6C6 /* MultiThreading.swift in Sources */,
				6546BDC82ACDB02F00218624 /* LayoutProtocol.swift in Sources */,
				655AF41A2B6F7AA10028662C /* ProfileVC.swift in Sources */,
				655AF4222B6F7E9B0028662C /* AuthM.swift in Sources */,
				6542F26C2AB731E30071EC01 /* keyPathExpression.swift in Sources */,
				657105802B064FD7001A764B /* _CoreAnimo.swift in Sources */,
				65197ADF2AC1CE6A00DA683C /* ConfigDemo.swift in Sources */,
				65BE80642AC5B20E00038167 /* HalfModal.swift in Sources */,
				655AF4082B6F775D0028662C /* HomeVC.swift in Sources */,
				656439B32AFFCB2500447715 /* Logging.swift in Sources */,
				655AF42A2B6F7F300028662C /* AudioTrack.swift in Sources */,
				6536B3662AFD26AF00C63C9E /* _BasicAnimos.swift in Sources */,
				65D6CF862AEBE6DF00B0ACA3 /* _Shadows.swift in Sources */,
				6519710C2B65966200486BBB /* DuolingoDragAndDrop.swift in Sources */,
				65A519E82B542063007622E5 /* AnimatedPageIndicator_.swift in Sources */,
				6599D7832AC478C800A6CD3E /* HeartAnimation.swift in Sources */,
				658357642B778191008AD525 /* StretchySlider.swift in Sources */,
				655AF41E2B6F7AC00028662C /* PlaylistVC.swift in Sources */,
				65E20A702AD19BEA00BBF7EC /* PresentingMultipleSheet.swift in Sources */,
				655AF40B2B6F78220028662C /* TabBarVC.swift in Sources */,
				655AF4162B6F7A740028662C /* WelcomeVC.swift in Sources */,
				65921DB62B7CE58E00AF872F /* PopToRootView.swift in Sources */,
				65FCB3742AE41A5A00454C3C /* DatePicker.swift in Sources */,
				657E6D972B05470D002CC126 /* _Actor_Sendable.swift in Sources */,
				65E339F62AF68EEE008CF912 /* RollingCounter_.swift in Sources */,
				655AF4142B6F7A5A0028662C /* AuthVC.swift in Sources */,
				651DFE1C2ABC77FB00E18BBC /* GlassMorphism.swift in Sources */,
				65CFBA8B2AE536D300ACEC62 /* sensoryFeedBack.swift in Sources */,
				6519F30E2AC824D0005B41FF /* SearchController.swift in Sources */,
				655AF4242B6F7EAC0028662C /* APICaller.swift in Sources */,
				65990E172AE94CA4002E9A16 /* trackingModifier_.swift in Sources */,
				65A2AA7F2B59394500EB53DF /* InfiniteScrollView_.swift in Sources */,
				65933C1A2AFBB3990000660F /* AnimateFlip.swift in Sources */,
				655AF40F2B6F79700028662C /* LibraryVC.swift in Sources */,
				6542F2792AB79AEF0071EC01 /* TagField.swift in Sources */,
				65C21DD52ADAE5F500D98C3B /* ProgressBasedHeroAnimation.swift in Sources */,
				65BE80662AC717B500038167 /* SectorChartExample.swift in Sources */,
				6527A34F2B21EE840050FBEC /* Upd_17_GradationAnimation.swift in Sources */,
				65BC96EF2B14AFC2003CB936 /* _Shimmer.swift in Sources */,
				656B66872AACA841007F1A7D /* Extension.swift in Sources */,
				655AF4202B6F7AD40028662C /* SearchResultsVC.swift in Sources */,
				655AF4282B6F7F120028662C /* Playlist.swift in Sources */,
				6542F2752AB799490071EC01 /* Tag.swift in Sources */,
				6542F2772AB79A3A0071EC01 /* Home.swift in Sources */,
				65197AE12AC30FD200DA683C /* ScrollTransition.swift in Sources */,
				65F6974F2ABDC5800067E6C6 /* EmptyStateHandlingInIOS17.swift in Sources */,
				655AF42E2B6F7F440028662C /* UserProfile.swift in Sources */,
				655AF4182B6F7A940028662C /* SettingsVC.swift in Sources */,
				658AD14F2AE6972D00D7F4B8 /* EnumFeature.swift in Sources */,
				65C025812AB42497003E3418 /* HandSpinner.swift in Sources */,
				655AF40D2B6F78EE0028662C /* SearchVC.swift in Sources */,
				65FE6EB72AF13888007BBEF0 /* TypealiasPatterns.swift in Sources */,
				656B66842AACA6F3007F1A7D /* MondrianOfMondrian.swift in Sources */,
				65FC1CA42AD59CD600AD6A60 /* UIKitPreview.swift in Sources */,
				65F48BD52B0CC17D00EA1EAD /* _WebView_Train.swift in Sources */,
				655AF4262B6F7EB70028662C /* HapticsM.swift in Sources */,
				65F48BD92B0FD01400EA1EAD /* _Ticket.swift in Sources */,
				6542F27D2AB88A570071EC01 /* TagLayout.swift in Sources */,
				65C49D0F2AF927B60048BDEB /* LottieUIKit.swift in Sources */,
				65184B582AC9A68D00FB20C1 /* DarkModeAnimation.swift in Sources */,
				656B66732AACA6B0007F1A7D /* MainTabBarViewController.swift in Sources */,
				6590C5DE2B8CB8D500878843 /* MiniPlayer.swift in Sources */,
				655AF42C2B6F7F3C0028662C /* Artist.swift in Sources */,
				650D82692B8271F700A00BC1 /* GestureTrain.swift in Sources */,
				65CA7A912B1235EC00483D3E /* _Debounce.swift in Sources */,
				654E95192B1626F70085A927 /* ShimmerStepPairsCardStepViewController+Extension.swift in Sources */,
				65F48BD72B0E2C9500EA1EAD /* _UIViewTransition.swift in Sources */,
				655AF41C2B6F7AB00028662C /* PlayerVC.swift in Sources */,
				65FD59F92AD82DEB005E2125 /* Shimmer.swift in Sources */,
				656B666F2AACA6B0007F1A7D /* AppDelegate.swift in Sources */,
				65E20A722AD2F70E00BBF7EC /* InAppCustomNotification.swift in Sources */,
				656B66712AACA6B0007F1A7D /* SceneDelegate.swift in Sources */,
				65ECAF812B612ACB00F0BFDB /* _LazyTrain.swift in Sources */,
				65448C592AE7F59E00419185 /* UIOnboarding.swift in Sources */,
				65E8D1362AF5067800CDB432 /* _ConvenienceInitializer.swift in Sources */,
				6555AB1D2B1CB2CE0098E5F7 /* TextShimmer_SwiftUI.swift in Sources */,
				6579D7C92AC07C83001CEE44 /* ToggleContentTransition.swift in Sources */,
				65AB59942B5D539D008F1C60 /* DropDownView.swift in Sources */,
				659323432B42F65300ADA64A /* MapKitTrain.swift in Sources */,
				65FE6EB52AEFF000007BBEF0 /* tapGestureController.swift in Sources */,
				6542F2702AB78B800071EC01 /* TagTextFieldSwiftUI.swift in Sources */,
				65C9C68B2B038C2E00EFFA6C /* IFCase.swift in Sources */,
				650F65212AF2922600F69440 /* EnumConstructor.swift in Sources */,
				657D1AC52B108AC300C985C2 /* _Protocol_Train.swift in Sources */,
				650CD6602AB03BA800502061 /* AccessControlVariation.swift in Sources */,
				6582BED72AEA905E003B1610 /* _CAGradientLayer.swift in Sources */,
				652CCB5D2ACC4186001720B8 /* IfAsAnExpression.swift in Sources */,
				659BD07C2AF92374009D8E7D /* LottieSwiftUI.swift in Sources */,
			);
			runOnlyForDeploymentPostprocessing = 0;
		};
/* End PBXSourcesBuildPhase section */

/* Begin PBXVariantGroup section */
		656B66792AACA6B0007F1A7D /* LaunchScreen.storyboard */ = {
			isa = PBXVariantGroup;
			children = (
				656B667A2AACA6B0007F1A7D /* Base */,
			);
			name = LaunchScreen.storyboard;
			sourceTree = "<group>";
		};
/* End PBXVariantGroup section */

/* Begin XCBuildConfiguration section */
		656B667D2AACA6B0007F1A7D /* Debug */ = {
			isa = XCBuildConfiguration;
			buildSettings = {
				ALWAYS_SEARCH_USER_PATHS = NO;
				CLANG_ANALYZER_NONNULL = YES;
				CLANG_ANALYZER_NUMBER_OBJECT_CONVERSION = YES_AGGRESSIVE;
				CLANG_CXX_LANGUAGE_STANDARD = "gnu++20";
				CLANG_ENABLE_MODULES = YES;
				CLANG_ENABLE_OBJC_ARC = YES;
				CLANG_ENABLE_OBJC_WEAK = YES;
				CLANG_WARN_BLOCK_CAPTURE_AUTORELEASING = YES;
				CLANG_WARN_BOOL_CONVERSION = YES;
				CLANG_WARN_COMMA = YES;
				CLANG_WARN_CONSTANT_CONVERSION = YES;
				CLANG_WARN_DEPRECATED_OBJC_IMPLEMENTATIONS = YES;
				CLANG_WARN_DIRECT_OBJC_ISA_USAGE = YES_ERROR;
				CLANG_WARN_DOCUMENTATION_COMMENTS = YES;
				CLANG_WARN_EMPTY_BODY = YES;
				CLANG_WARN_ENUM_CONVERSION = YES;
				CLANG_WARN_INFINITE_RECURSION = YES;
				CLANG_WARN_INT_CONVERSION = YES;
				CLANG_WARN_NON_LITERAL_NULL_CONVERSION = YES;
				CLANG_WARN_OBJC_IMPLICIT_RETAIN_SELF = YES;
				CLANG_WARN_OBJC_LITERAL_CONVERSION = YES;
				CLANG_WARN_OBJC_ROOT_CLASS = YES_ERROR;
				CLANG_WARN_QUOTED_INCLUDE_IN_FRAMEWORK_HEADER = YES;
				CLANG_WARN_RANGE_LOOP_ANALYSIS = YES;
				CLANG_WARN_STRICT_PROTOTYPES = YES;
				CLANG_WARN_SUSPICIOUS_MOVE = YES;
				CLANG_WARN_UNGUARDED_AVAILABILITY = YES_AGGRESSIVE;
				CLANG_WARN_UNREACHABLE_CODE = YES;
				CLANG_WARN__DUPLICATE_METHOD_MATCH = YES;
				COPY_PHASE_STRIP = NO;
				DEBUG_INFORMATION_FORMAT = dwarf;
				ENABLE_STRICT_OBJC_MSGSEND = YES;
				ENABLE_TESTABILITY = YES;
				GCC_C_LANGUAGE_STANDARD = gnu11;
				GCC_DYNAMIC_NO_PIC = NO;
				GCC_NO_COMMON_BLOCKS = YES;
				GCC_OPTIMIZATION_LEVEL = 0;
				GCC_PREPROCESSOR_DEFINITIONS = (
					"DEBUG=1",
					"$(inherited)",
				);
				GCC_WARN_64_TO_32_BIT_CONVERSION = YES;
				GCC_WARN_ABOUT_RETURN_TYPE = YES_ERROR;
				GCC_WARN_UNDECLARED_SELECTOR = YES;
				GCC_WARN_UNINITIALIZED_AUTOS = YES_AGGRESSIVE;
				GCC_WARN_UNUSED_FUNCTION = YES;
				GCC_WARN_UNUSED_VARIABLE = YES;
				IPHONEOS_DEPLOYMENT_TARGET = 17.0;
				MTL_ENABLE_DEBUG_INFO = INCLUDE_SOURCE;
				MTL_FAST_MATH = YES;
				ONLY_ACTIVE_ARCH = YES;
				SDKROOT = iphoneos;
				SWIFT_ACTIVE_COMPILATION_CONDITIONS = DEBUG;
				SWIFT_OPTIMIZATION_LEVEL = "-Onone";
			};
			name = Debug;
		};
		656B667E2AACA6B0007F1A7D /* Release */ = {
			isa = XCBuildConfiguration;
			buildSettings = {
				ALWAYS_SEARCH_USER_PATHS = NO;
				CLANG_ANALYZER_NONNULL = YES;
				CLANG_ANALYZER_NUMBER_OBJECT_CONVERSION = YES_AGGRESSIVE;
				CLANG_CXX_LANGUAGE_STANDARD = "gnu++20";
				CLANG_ENABLE_MODULES = YES;
				CLANG_ENABLE_OBJC_ARC = YES;
				CLANG_ENABLE_OBJC_WEAK = YES;
				CLANG_WARN_BLOCK_CAPTURE_AUTORELEASING = YES;
				CLANG_WARN_BOOL_CONVERSION = YES;
				CLANG_WARN_COMMA = YES;
				CLANG_WARN_CONSTANT_CONVERSION = YES;
				CLANG_WARN_DEPRECATED_OBJC_IMPLEMENTATIONS = YES;
				CLANG_WARN_DIRECT_OBJC_ISA_USAGE = YES_ERROR;
				CLANG_WARN_DOCUMENTATION_COMMENTS = YES;
				CLANG_WARN_EMPTY_BODY = YES;
				CLANG_WARN_ENUM_CONVERSION = YES;
				CLANG_WARN_INFINITE_RECURSION = YES;
				CLANG_WARN_INT_CONVERSION = YES;
				CLANG_WARN_NON_LITERAL_NULL_CONVERSION = YES;
				CLANG_WARN_OBJC_IMPLICIT_RETAIN_SELF = YES;
				CLANG_WARN_OBJC_LITERAL_CONVERSION = YES;
				CLANG_WARN_OBJC_ROOT_CLASS = YES_ERROR;
				CLANG_WARN_QUOTED_INCLUDE_IN_FRAMEWORK_HEADER = YES;
				CLANG_WARN_RANGE_LOOP_ANALYSIS = YES;
				CLANG_WARN_STRICT_PROTOTYPES = YES;
				CLANG_WARN_SUSPICIOUS_MOVE = YES;
				CLANG_WARN_UNGUARDED_AVAILABILITY = YES_AGGRESSIVE;
				CLANG_WARN_UNREACHABLE_CODE = YES;
				CLANG_WARN__DUPLICATE_METHOD_MATCH = YES;
				COPY_PHASE_STRIP = NO;
				DEBUG_INFORMATION_FORMAT = "dwarf-with-dsym";
				ENABLE_NS_ASSERTIONS = NO;
				ENABLE_STRICT_OBJC_MSGSEND = YES;
				GCC_C_LANGUAGE_STANDARD = gnu11;
				GCC_NO_COMMON_BLOCKS = YES;
				GCC_WARN_64_TO_32_BIT_CONVERSION = YES;
				GCC_WARN_ABOUT_RETURN_TYPE = YES_ERROR;
				GCC_WARN_UNDECLARED_SELECTOR = YES;
				GCC_WARN_UNINITIALIZED_AUTOS = YES_AGGRESSIVE;
				GCC_WARN_UNUSED_FUNCTION = YES;
				GCC_WARN_UNUSED_VARIABLE = YES;
				IPHONEOS_DEPLOYMENT_TARGET = 17.0;
				MTL_ENABLE_DEBUG_INFO = NO;
				MTL_FAST_MATH = YES;
				SDKROOT = iphoneos;
				SWIFT_COMPILATION_MODE = wholemodule;
				SWIFT_OPTIMIZATION_LEVEL = "-O";
				VALIDATE_PRODUCT = YES;
			};
			name = Release;
		};
		656B66802AACA6B0007F1A7D /* Debug */ = {
			isa = XCBuildConfiguration;
			baseConfigurationReference = AB2702EDECC1D176D64322F4 /* Pods-AlphaFlyNextPercent.debug.xcconfig */;
			buildSettings = {
				ASSETCATALOG_COMPILER_APPICON_NAME = AppIcon;
				ASSETCATALOG_COMPILER_GLOBAL_ACCENT_COLOR_NAME = AccentColor;
				CODE_SIGN_STYLE = Automatic;
				CURRENT_PROJECT_VERSION = 1;
				DEVELOPMENT_TEAM = XSW5VPM32V;
				GENERATE_INFOPLIST_FILE = YES;
				INFOPLIST_FILE = AlphaFlyNextPercent/Info.plist;
				INFOPLIST_KEY_NSCameraUsageDescription = "カメラロールにアクセスする説明文";
				INFOPLIST_KEY_NSLocationAlwaysUsageDescription = "常に位置情報を利用する説明文";
				INFOPLIST_KEY_NSLocationWhenInUseUsageDescription = "起動中に位置情報を利用する説明文";
				INFOPLIST_KEY_NSPhotoLibraryUsageDescription = "フォトライブラリにアクセスする説明文";
				INFOPLIST_KEY_UIApplicationSupportsIndirectInputEvents = YES;
				INFOPLIST_KEY_UILaunchStoryboardName = LaunchScreen;
				INFOPLIST_KEY_UISupportedInterfaceOrientations_iPad = "UIInterfaceOrientationPortrait UIInterfaceOrientationPortraitUpsideDown UIInterfaceOrientationLandscapeLeft UIInterfaceOrientationLandscapeRight";
				INFOPLIST_KEY_UISupportedInterfaceOrientations_iPhone = "UIInterfaceOrientationPortrait UIInterfaceOrientationLandscapeLeft UIInterfaceOrientationLandscapeRight";
				IPHONEOS_DEPLOYMENT_TARGET = 17.0;
				LD_RUNPATH_SEARCH_PATHS = (
					"$(inherited)",
					"@executable_path/Frameworks",
				);
				MARKETING_VERSION = 1.0;
				PRODUCT_BUNDLE_IDENTIFIER = "com.dddaiki-t.AlphaFlyNextPercent";
				PRODUCT_NAME = "$(TARGET_NAME)";
				SWIFT_EMIT_LOC_STRINGS = YES;
				SWIFT_VERSION = 5.0;
				TARGETED_DEVICE_FAMILY = "1,2";
			};
			name = Debug;
		};
		656B66812AACA6B0007F1A7D /* Release */ = {
			isa = XCBuildConfiguration;
			baseConfigurationReference = 6DD5FD27638AC0DA62C58DC9 /* Pods-AlphaFlyNextPercent.release.xcconfig */;
			buildSettings = {
				ASSETCATALOG_COMPILER_APPICON_NAME = AppIcon;
				ASSETCATALOG_COMPILER_GLOBAL_ACCENT_COLOR_NAME = AccentColor;
				CODE_SIGN_STYLE = Automatic;
				CURRENT_PROJECT_VERSION = 1;
				DEVELOPMENT_TEAM = XSW5VPM32V;
				GENERATE_INFOPLIST_FILE = YES;
				INFOPLIST_FILE = AlphaFlyNextPercent/Info.plist;
				INFOPLIST_KEY_NSCameraUsageDescription = "カメラロールにアクセスする説明文";
				INFOPLIST_KEY_NSLocationAlwaysUsageDescription = "常に位置情報を利用する説明文";
				INFOPLIST_KEY_NSLocationWhenInUseUsageDescription = "起動中に位置情報を利用する説明文";
				INFOPLIST_KEY_NSPhotoLibraryUsageDescription = "フォトライブラリにアクセスする説明文";
				INFOPLIST_KEY_UIApplicationSupportsIndirectInputEvents = YES;
				INFOPLIST_KEY_UILaunchStoryboardName = LaunchScreen;
				INFOPLIST_KEY_UISupportedInterfaceOrientations_iPad = "UIInterfaceOrientationPortrait UIInterfaceOrientationPortraitUpsideDown UIInterfaceOrientationLandscapeLeft UIInterfaceOrientationLandscapeRight";
				INFOPLIST_KEY_UISupportedInterfaceOrientations_iPhone = "UIInterfaceOrientationPortrait UIInterfaceOrientationLandscapeLeft UIInterfaceOrientationLandscapeRight";
				IPHONEOS_DEPLOYMENT_TARGET = 17.0;
				LD_RUNPATH_SEARCH_PATHS = (
					"$(inherited)",
					"@executable_path/Frameworks",
				);
				MARKETING_VERSION = 1.0;
				PRODUCT_BUNDLE_IDENTIFIER = "com.dddaiki-t.AlphaFlyNextPercent";
				PRODUCT_NAME = "$(TARGET_NAME)";
				SWIFT_EMIT_LOC_STRINGS = YES;
				SWIFT_VERSION = 5.0;
				TARGETED_DEVICE_FAMILY = "1,2";
			};
			name = Release;
		};
/* End XCBuildConfiguration section */

/* Begin XCConfigurationList section */
		656B66662AACA6B0007F1A7D /* Build configuration list for PBXProject "AlphaFlyNextPercent" */ = {
			isa = XCConfigurationList;
			buildConfigurations = (
				656B667D2AACA6B0007F1A7D /* Debug */,
				656B667E2AACA6B0007F1A7D /* Release */,
			);
			defaultConfigurationIsVisible = 0;
			defaultConfigurationName = Release;
		};
		656B667F2AACA6B0007F1A7D /* Build configuration list for PBXNativeTarget "AlphaFlyNextPercent" */ = {
			isa = XCConfigurationList;
			buildConfigurations = (
				656B66802AACA6B0007F1A7D /* Debug */,
				656B66812AACA6B0007F1A7D /* Release */,
			);
			defaultConfigurationIsVisible = 0;
			defaultConfigurationName = Release;
		};
/* End XCConfigurationList section */

/* Begin XCRemoteSwiftPackageReference section */
		65448C552AE7F57300419185 /* XCRemoteSwiftPackageReference "UIOnboarding" */ = {
			isa = XCRemoteSwiftPackageReference;
			repositoryURL = "https://github.com/lascic/UIOnboarding.git";
			requirement = {
				kind = upToNextMajorVersion;
				minimumVersion = 2.0.3;
			};
		};
		654787F62BCD161F00209B68 /* XCRemoteSwiftPackageReference "facebook-ios-sdk" */ = {
			isa = XCRemoteSwiftPackageReference;
			repositoryURL = "https://github.com/facebook/facebook-ios-sdk";
			requirement = {
				kind = upToNextMajorVersion;
				minimumVersion = 14.1.0;
			};
		};
		65FB90B72B9E0B6C004B3A90 /* XCRemoteSwiftPackageReference "LicensesPlugin" */ = {
			isa = XCRemoteSwiftPackageReference;
			repositoryURL = "https://github.com/maiyama18/LicensesPlugin.git";
			requirement = {
				kind = upToNextMajorVersion;
				minimumVersion = 0.1.6;
			};
		};
/* End XCRemoteSwiftPackageReference section */

/* Begin XCSwiftPackageProductDependency section */
		65448C562AE7F57300419185 /* UIOnboarding */ = {
			isa = XCSwiftPackageProductDependency;
			package = 65448C552AE7F57300419185 /* XCRemoteSwiftPackageReference "UIOnboarding" */;
			productName = UIOnboarding;
		};
		654787F72BCD161F00209B68 /* FacebookShare */ = {
			isa = XCSwiftPackageProductDependency;
			package = 654787F62BCD161F00209B68 /* XCRemoteSwiftPackageReference "facebook-ios-sdk" */;
			productName = FacebookShare;
		};
/* End XCSwiftPackageProductDependency section */
	};
	rootObject = 656B66632AACA6B0007F1A7D /* Project object */;
}
